
Microsoft Visual Studio Solution File, Format Version 12.00
# Visual Studio 15
VisualStudioVersion = 15.0.28307.705
MinimumVisualStudioVersion = 10.0.40219.1
Project("{9A19103F-16F7-4668-BE54-9A1E7A4F7556}") = "Test", "Test\Test.csproj", "{78F744D5-B982-4D41-A432-9708163EF0CE}"
EndProject
Global
	GlobalSection(SolutionConfigurationPlatforms) = preSolution
		Debug|Any CPU = Debug|Any CPU
		Release|Any CPU = Release|Any CPU
	EndGlobalSection
	GlobalSection(ProjectConfigurationPlatforms) = postSolution
		{78F744D5-B982-4D41-A432-9708163EF0CE}.Debug|Any CPU.ActiveCfg = Debug|Any CPU
		{78F744D5-B982-4D41-A432-9708163EF0CE}.Debug|Any CPU.Build.0 = Debug|Any CPU
		{78F744D5-B982-4D41-A432-9708163EF0CE}.Release|Any CPU.ActiveCfg = Release|Any CPU
		{78F744D5-B982-4D41-A432-9708163EF0CE}.Release|Any CPU.Build.0 = Release|Any CPU
	EndGlobalSection
	GlobalSection(SolutionProperties) = preSolution
		HideSolutionNode = FALSE
	EndGlobalSection
	GlobalSection(ExtensibilityGlobals) = postSolution
		SolutionGuid = {6D74B5D5-E30E-4CA5-9F61-F312DBC0E70C}
	EndGlobalSection
EndGlobal
